
Microsoft Visual Studio Solution File, Format Version 12.00
# Visual Studio Version 17
VisualStudioVersion = 17.3.32825.248
MinimumVisualStudioVersion = 10.0.40219.1
Project("{FAE04EC0-301F-11D3-BF4B-00C04F79EFBC}") = "PetrolProjectMvp", "PetrolProjectMvp\PetrolProjectMvp.csproj", "{B1518AB7-135E-4929-8B99-F0D924EDC310}"
EndProject
Global
	GlobalSection(SolutionConfigurationPlatforms) = preSolution
		Debug|Any CPU = Debug|Any CPU
		Release|Any CPU = Release|Any CPU
	EndGlobalSection
	GlobalSection(ProjectConfigurationPlatforms) = postSolution
		{B1518AB7-135E-4929-8B99-F0D924EDC310}.Debug|Any CPU.ActiveCfg = Debug|Any CPU
		{B1518AB7-135E-4929-8B99-F0D924EDC310}.Debug|Any CPU.Build.0 = Debug|Any CPU
		{B1518AB7-135E-4929-8B99-F0D924EDC310}.Release|Any CPU.ActiveCfg = Release|Any CPU
		{B1518AB7-135E-4929-8B99-F0D924EDC310}.Release|Any CPU.Build.0 = Release|Any CPU
	EndGlobalSection
	GlobalSection(SolutionProperties) = preSolution
		HideSolutionNode = FALSE
	EndGlobalSection
	GlobalSection(ExtensibilityGlobals) = postSolution
		SolutionGuid = {95E6F0FF-5D53-4E11-8C43-1B151E29C924}
	EndGlobalSection
EndGlobal
